version = 1
revision = 3
requires-python = ">=3.11"

[[package]]
name = "pika"
version = "1.4.0"
source = { registry = "https://pypi.org/simple" }
sdist = { url = "https://files.pythonhosted.org/packages/4b/15/b6a706f1e886335aedc1e21d23913fe1a0fdaadd597d7721b26f11fe306a/pika-1.4.0.tar.gz", hash = "sha256:84aa6d0cf60bbdb79d5780544a4a4e1799392760127bf9de2a03d3c3b92f5f1a", size = 154264, upload-time = "2026-05-06T18:04:32.569Z" }
wheels = [
    { url = "https://files.pythonhosted.org/packages/dd/07/b7269c5367995648897a40ae37054780fc68b71afcc51c169a739c653d4b/pika-1.4.0-py3-none-any.whl", hash = "sha256:937d8576f92a1ce3673d442161fefef614ac557583e10b9d84c14a6e228ed6a7", size = 164964, upload-time = "2026-05-06T18:04:31.343Z" },
]

[[package]]
name = "worker"
version = "0.1.0"
source = { virtual = "." }
dependencies = [
    { name = "pika" },
]

[package.metadata]
requires-dist = [{ name = "pika", specifier = ">=1.4.0" }]
